<?xml version="1.0" encoding="utf-8"?>
<Project ToolsVersion="4.0" xmlns="http://schemas.microsoft.com/developer/msbuild/2003">
  <ItemGroup>
    <Filter Include="Lapis">
      <UniqueIdentifier>{9E61950D-0A76-BDBE-D3F7-601E3FCBB9EF}</UniqueIdentifier>
    </Filter>
    <Filter Include="Lapis\Events">
      <UniqueIdentifier>{C24FB5E1-AEB2-4486-5738-7D3C437A1009}</UniqueIdentifier>
    </Filter>
    <Filter Include="Lapis\ImGui">
      <UniqueIdentifier>{4815D4EF-B4CA-4CE5-3DBF-46BCA97343E9}</UniqueIdentifier>
    </Filter>
    <Filter Include="Platform">
      <UniqueIdentifier>{2AC788B4-1694-E3BF-3FAD-D1672BD9184E}</UniqueIdentifier>
    </Filter>
    <Filter Include="Platform\Windows">
      <UniqueIdentifier>{64FBD71A-50F4-F66C-7926-DCF1657ED678}</UniqueIdentifier>
    </Filter>
  </ItemGroup>
  <ItemGroup>
    <ClInclude Include="src\Lapis.h" />
    <ClInclude Include="src\Lapis\Application.h">
      <Filter>Lapis</Filter>
    </ClInclude>
    <ClInclude Include="src\Lapis\Core.h">
      <Filter>Lapis</Filter>
    </ClInclude>
    <ClInclude Include="src\Lapis\EntryPoint.h">
      <Filter>Lapis</Filter>
    </ClInclude>
    <ClInclude Include="src\Lapis\Events\ApplicationEvent.h">
      <Filter>Lapis\Events</Filter>
    </ClInclude>
    <ClInclude Include="src\Lapis\Events\Event.h">
      <Filter>Lapis\Events</Filter>
    </ClInclude>
    <ClInclude Include="src\Lapis\Events\KeyEvent.h">
      <Filter>Lapis\Events</Filter>
    </ClInclude>
    <ClInclude Include="src\Lapis\Events\MouseEvent.h">
      <Filter>Lapis\Events</Filter>
    </ClInclude>
    <ClInclude Include="src\Lapis\ImGui\ImGuiBuild.h">
      <Filter>Lapis\ImGui</Filter>
    </ClInclude>
    <ClInclude Include="src\Lapis\ImGui\ImGuiLayer.h">
      <Filter>Lapis\ImGui</Filter>
    </ClInclude>
    <ClInclude Include="src\Lapis\Input.h">
      <Filter>Lapis</Filter>
    </ClInclude>
    <ClInclude Include="src\Lapis\KeyCodes.h">
      <Filter>Lapis</Filter>
    </ClInclude>
    <ClInclude Include="src\Lapis\Layer.h">
      <Filter>Lapis</Filter>
    </ClInclude>
    <ClInclude Include="src\Lapis\LayerStack.h">
      <Filter>Lapis</Filter>
    </ClInclude>
    <ClInclude Include="src\Lapis\Log.h">
      <Filter>Lapis</Filter>
    </ClInclude>
    <ClInclude Include="src\Lapis\MouseButtonCodes.h">
      <Filter>Lapis</Filter>
    </ClInclude>
    <ClInclude Include="src\Lapis\Window.h">
      <Filter>Lapis</Filter>
    </ClInclude>
    <ClInclude Include="src\Platform\Windows\WindowsInput.h">
      <Filter>Platform\Windows</Filter>
    </ClInclude>
    <ClInclude Include="src\Platform\Windows\WindowsWindow.h">
      <Filter>Platform\Windows</Filter>
    </ClInclude>
    <ClInclude Include="src\lppch.h" />
  </ItemGroup>
  <ItemGroup>
    <ClCompile Include="src\Lapis\Application.cpp">
      <Filter>Lapis</Filter>
    </ClCompile>
    <ClCompile Include="src\Lapis\ImGui\ImGuiLayer.cpp">
      <Filter>Lapis\ImGui</Filter>
    </ClCompile>
    <ClCompile Include="src\Lapis\Layer.cpp">
      <Filter>Lapis</Filter>
    </ClCompile>
    <ClCompile Include="src\Lapis\LayerStack.cpp">
      <Filter>Lapis</Filter>
    </ClCompile>
    <ClCompile Include="src\Lapis\Log.cpp">
      <Filter>Lapis</Filter>
    </ClCompile>
    <ClCompile Include="src\Platform\Windows\WindowsInput.cpp">
      <Filter>Platform\Windows</Filter>
    </ClCompile>
    <ClCompile Include="src\Platform\Windows\WindowsWindow.cpp">
      <Filter>Platform\Windows</Filter>
    </ClCompile>
    <ClCompile Include="src\lppch.cpp" />
  </ItemGroup>
</Project>